
Microsoft Visual Studio Solution File, Format Version 12.00
# Visual Studio Version 17
VisualStudioVersion = 17.0.31903.59
MinimumVisualStudioVersion = 10.0.40219.1
Project("{2150E333-8FDC-42A3-9474-1A3956D46DE8}") = "src", "src", "{5DC71788-7949-4AA5-B38B-C6E92DDBD2F2}"
EndProject
Project("{2150E333-8FDC-42A3-9474-1A3956D46DE8}") = "tests", "tests", "{3FFC0BB5-F3E8-4024-9852-A2DF72307893}"
EndProject
Project("{9A19103F-16F7-4668-BE54-9A1E7A4F7556}") = "FoSouzaDev.Common.Domain", "src\FoSouzaDev.Common.Domain\FoSouzaDev.Common.Domain.csproj", "{846E92B3-F0FB-4F97-8F5C-F48599381130}"
EndProject
Project("{9A19103F-16F7-4668-BE54-9A1E7A4F7556}") = "FoSouzaDev.Common.Domain.UnitaryTests", "tests\FoSouzaDev.Common.Domain.UnitaryTests\FoSouzaDev.Common.Domain.UnitaryTests.csproj", "{578030ED-02A8-4B6F-95DA-EB8521F4FBE7}"
EndProject
Project("{2150E333-8FDC-42A3-9474-1A3956D46DE8}") = "Solution Items", "Solution Items", "{ADC8B529-DBE2-46EC-960C-BBB73740FC3D}"
	ProjectSection(SolutionItems) = preProject
		.gitignore = .gitignore
		.github\workflows\dotnet.yml = .github\workflows\dotnet.yml
	EndProjectSection
EndProject
Global
	GlobalSection(SolutionConfigurationPlatforms) = preSolution
		Debug|Any CPU = Debug|Any CPU
		Release|Any CPU = Release|Any CPU
	EndGlobalSection
	GlobalSection(ProjectConfigurationPlatforms) = postSolution
		{846E92B3-F0FB-4F97-8F5C-F48599381130}.Debug|Any CPU.ActiveCfg = Debug|Any CPU
		{846E92B3-F0FB-4F97-8F5C-F48599381130}.Debug|Any CPU.Build.0 = Debug|Any CPU
		{846E92B3-F0FB-4F97-8F5C-F48599381130}.Release|Any CPU.ActiveCfg = Release|Any CPU
		{846E92B3-F0FB-4F97-8F5C-F48599381130}.Release|Any CPU.Build.0 = Release|Any CPU
		{578030ED-02A8-4B6F-95DA-EB8521F4FBE7}.Debug|Any CPU.ActiveCfg = Debug|Any CPU
		{578030ED-02A8-4B6F-95DA-EB8521F4FBE7}.Debug|Any CPU.Build.0 = Debug|Any CPU
		{578030ED-02A8-4B6F-95DA-EB8521F4FBE7}.Release|Any CPU.ActiveCfg = Release|Any CPU
		{578030ED-02A8-4B6F-95DA-EB8521F4FBE7}.Release|Any CPU.Build.0 = Release|Any CPU
	EndGlobalSection
	GlobalSection(SolutionProperties) = preSolution
		HideSolutionNode = FALSE
	EndGlobalSection
	GlobalSection(NestedProjects) = preSolution
		{846E92B3-F0FB-4F97-8F5C-F48599381130} = {5DC71788-7949-4AA5-B38B-C6E92DDBD2F2}
		{578030ED-02A8-4B6F-95DA-EB8521F4FBE7} = {3FFC0BB5-F3E8-4024-9852-A2DF72307893}
	EndGlobalSection
	GlobalSection(ExtensibilityGlobals) = postSolution
		SolutionGuid = {20F94E16-620C-49F5-9E15-CEA3D3919920}
	EndGlobalSection
EndGlobal
